
Microsoft Visual Studio Solution File, Format Version 12.00
# Visual Studio Version 16
VisualStudioVersion = 16.0.31702.278
MinimumVisualStudioVersion = 10.0.40219.1
Project("{FAE04EC0-301F-11D3-BF4B-00C04F79EFBC}") = "TUFactory.Lib", "TUFactory.Lib\TUFactory.Lib.csproj", "{867F199F-ECAC-4EA4-B761-D78AE18914DD}"
EndProject
Global
	GlobalSection(SolutionConfigurationPlatforms) = preSolution
		Debug|Any CPU = Debug|Any CPU
		Release|Any CPU = Release|Any CPU
	EndGlobalSection
	GlobalSection(ProjectConfigurationPlatforms) = postSolution
		{867F199F-ECAC-4EA4-B761-D78AE18914DD}.Debug|Any CPU.ActiveCfg = Debug|Any CPU
		{867F199F-ECAC-4EA4-B761-D78AE18914DD}.Debug|Any CPU.Build.0 = Debug|Any CPU
		{867F199F-ECAC-4EA4-B761-D78AE18914DD}.Release|Any CPU.ActiveCfg = Release|Any CPU
		{867F199F-ECAC-4EA4-B761-D78AE18914DD}.Release|Any CPU.Build.0 = Release|Any CPU
	EndGlobalSection
	GlobalSection(SolutionProperties) = preSolution
		HideSolutionNode = FALSE
	EndGlobalSection
	GlobalSection(ExtensibilityGlobals) = postSolution
		SolutionGuid = {F3E208AF-B3A7-4E80-9E73-C5096FD4206A}
	EndGlobalSection
EndGlobal
